
Microsoft Visual Studio Solution File, Format Version 12.00
# Visual Studio Version 17
VisualStudioVersion = 17.4.33403.182
MinimumVisualStudioVersion = 10.0.40219.1
Project("{FAE04EC0-301F-11D3-BF4B-00C04F79EFBC}") = "LongestCycleGraph", "LongestCycleGraph.csproj", "{845C89C9-915E-4B89-94B3-C5C19EA37700}"
EndProject
Global
	GlobalSection(SolutionConfigurationPlatforms) = preSolution
		Debug|Any CPU = Debug|Any CPU
		Release|Any CPU = Release|Any CPU
	EndGlobalSection
	GlobalSection(ProjectConfigurationPlatforms) = postSolution
		{845C89C9-915E-4B89-94B3-C5C19EA37700}.Debug|Any CPU.ActiveCfg = Debug|Any CPU
		{845C89C9-915E-4B89-94B3-C5C19EA37700}.Debug|Any CPU.Build.0 = Debug|Any CPU
		{845C89C9-915E-4B89-94B3-C5C19EA37700}.Release|Any CPU.ActiveCfg = Release|Any CPU
		{845C89C9-915E-4B89-94B3-C5C19EA37700}.Release|Any CPU.Build.0 = Release|Any CPU
	EndGlobalSection
	GlobalSection(SolutionProperties) = preSolution
		HideSolutionNode = FALSE
	EndGlobalSection
	GlobalSection(ExtensibilityGlobals) = postSolution
		SolutionGuid = {C8652C1B-5F54-44F8-8698-F6C4CE1D9D98}
	EndGlobalSection
EndGlobal
